# This file is automatically @generated by Poetry 1.8.2 and should not be changed by hand.

[[package]]
name = "pluggy"
version = "1.4.0"
description = "plugin and hook calling mechanisms for python"
optional = false
python-versions = ">=3.8"
files = [
    {file = "pluggy-1.4.0-py3-none-any.whl", hash = "sha256:7db9f7b503d67d1c5b95f59773ebb58a8c1c288129a88665838012cfb07b8981"},
    {file = "pluggy-1.4.0.tar.gz", hash = "sha256:8c85c2876142a764e5b7548e7d9a0e0ddb46f5185161049a79b7e974454223be"},
]

[package.extras]
dev = ["pre-commit", "tox"]
testing = ["pytest", "pytest-benchmark"]

[[package]]
name = "uplib"
version = "0.2.19"
description = ""
optional = false
python-versions = "*"
files = []
develop = true

[package.source]
type = "directory"
url = "../uplib"

[metadata]
lock-version = "2.0"
python-versions = "^3.12"
content-hash = "ebeee5fa45c280967a13e131bf453f136977e7de83d40d24a04ab83d039d87bc"
