# This file is automatically @generated by Poetry 1.7.1 and should not be changed by hand.

[[package]]
name = "pluggy"
version = "1.3.0"
description = "plugin and hook calling mechanisms for python"
optional = false
python-versions = ">=3.8"
files = [
    {file = "pluggy-1.3.0-py3-none-any.whl", hash = "sha256:d89c696a773f8bd377d18e5ecda92b7a3793cbe66c87060a6fb58c7b6e1061f7"},
    {file = "pluggy-1.3.0.tar.gz", hash = "sha256:cf61ae8f126ac6f7c451172cf30e3e43d3ca77615509771b3a984a0730651e12"},
]

[package.extras]
dev = ["pre-commit", "tox"]
testing = ["pytest", "pytest-benchmark"]

[[package]]
name = "uplib"
version = "0.2.19"
description = ""
optional = false
python-versions = "*"
files = []
develop = true

[package.source]
type = "directory"
url = "../uplib"

[metadata]
lock-version = "2.0"
python-versions = "^3.12"
content-hash = "ebeee5fa45c280967a13e131bf453f136977e7de83d40d24a04ab83d039d87bc"
