# This file is automatically @generated by Poetry 1.6.1 and should not be changed by hand.

[[package]]
name = "up-ansible"
version = "0.2.19"
description = ""
optional = false
python-versions = "*"
files = []
develop = true

[package.source]
type = "directory"
url = "../up_ansible"

[[package]]
name = "up-splat"
version = "0.2.19"
description = ""
optional = false
python-versions = "*"
files = []
develop = true

[package.source]
type = "directory"
url = "../up_splat"

[[package]]
name = "uplib"
version = "0.2.19"
description = ""
optional = false
python-versions = "*"
files = []
develop = true

[package.source]
type = "directory"
url = "../uplib"

[metadata]
lock-version = "2.0"
python-versions = "^3.12"
content-hash = "66256ef627dbd853e5ac39cf83ed3200352b0f92197265bc5a65a417be812ac4"
