# This file is automatically @generated by Poetry 1.6.1 and should not be changed by hand.

[[package]]
name = "up-ansible"
version = "0.2.19"
description = ""
optional = false
python-versions = "*"
files = []
develop = true

[package.source]
type = "directory"
url = "../up_ansible"

[[package]]
name = "up-aws"
version = "0.2.19"
description = ""
optional = false
python-versions = "*"
files = []
develop = true

[package.source]
type = "directory"
url = "../up_aws"

[[package]]
name = "up-demo"
version = "0.2.19"
description = ""
optional = false
python-versions = "*"
files = []
develop = true

[package.source]
type = "directory"
url = "../up_demo"

[[package]]
name = "up-splat"
version = "0.2.19"
description = ""
optional = false
python-versions = "*"
files = []
develop = true

[package.source]
type = "directory"
url = "../up_splat"

[[package]]
name = "uplib"
version = "0.2.19"
description = ""
optional = false
python-versions = "*"
files = []
develop = true

[package.source]
type = "directory"
url = "../uplib"

[metadata]
lock-version = "2.0"
python-versions = "^3.12"
content-hash = "497e71b21cfd072d61e638e3b23af28ef43e25cd1d731f95d88e2521f9946f72"
