# This file is automatically @generated by Poetry 1.8.2 and should not be changed by hand.

[[package]]
name = "uplib"
version = "0.2.19"
description = ""
optional = false
python-versions = "*"
files = []
develop = true

[package.source]
type = "directory"
url = "../uplib"

[metadata]
lock-version = "2.0"
python-versions = "^3.12"
content-hash = "499e613cb4b337f3197356c445c6cfe29c40d8608b21ce82adaa6621c9b41e53"
